
Microsoft Visual Studio Solution File, Format Version 12.00
# Visual Studio 2013
VisualStudioVersion = 12.0.31101.0
MinimumVisualStudioVersion = 10.0.40219.1
Project("{F184B08F-C81C-45F6-A57F-5ABD9991F28F}") = "Assignment 3", "Assignment 3.vbproj", "{79EEA5DF-E94F-4FAF-B8C6-481F2285EC7B}"
EndProject
Global
	GlobalSection(SolutionConfigurationPlatforms) = preSolution
		Debug|Any CPU = Debug|Any CPU
		Release|Any CPU = Release|Any CPU
	EndGlobalSection
	GlobalSection(ProjectConfigurationPlatforms) = postSolution
		{79EEA5DF-E94F-4FAF-B8C6-481F2285EC7B}.Debug|Any CPU.ActiveCfg = Debug|Any CPU
		{79EEA5DF-E94F-4FAF-B8C6-481F2285EC7B}.Debug|Any CPU.Build.0 = Debug|Any CPU
		{79EEA5DF-E94F-4FAF-B8C6-481F2285EC7B}.Release|Any CPU.ActiveCfg = Release|Any CPU
		{79EEA5DF-E94F-4FAF-B8C6-481F2285EC7B}.Release|Any CPU.Build.0 = Release|Any CPU
	EndGlobalSection
	GlobalSection(SolutionProperties) = preSolution
		HideSolutionNode = FALSE
	EndGlobalSection
EndGlobal
